
Microsoft Visual Studio Solution File, Format Version 12.00
# Visual Studio Version 17
VisualStudioVersion = 17.3.32901.215
MinimumVisualStudioVersion = 10.0.40219.1
Project("{FAE04EC0-301F-11D3-BF4B-00C04F79EFBC}") = "MvcOnlineTicariOtomasyon", "MvcOnlineTicariOtomasyon.csproj", "{AE4521A2-0C91-4220-8937-EDE5DBECA641}"
EndProject
Global
	GlobalSection(SolutionConfigurationPlatforms) = preSolution
		Debug|Any CPU = Debug|Any CPU
		Release|Any CPU = Release|Any CPU
	EndGlobalSection
	GlobalSection(ProjectConfigurationPlatforms) = postSolution
		{AE4521A2-0C91-4220-8937-EDE5DBECA641}.Debug|Any CPU.ActiveCfg = Debug|Any CPU
		{AE4521A2-0C91-4220-8937-EDE5DBECA641}.Debug|Any CPU.Build.0 = Debug|Any CPU
		{AE4521A2-0C91-4220-8937-EDE5DBECA641}.Release|Any CPU.ActiveCfg = Release|Any CPU
		{AE4521A2-0C91-4220-8937-EDE5DBECA641}.Release|Any CPU.Build.0 = Release|Any CPU
	EndGlobalSection
	GlobalSection(SolutionProperties) = preSolution
		HideSolutionNode = FALSE
	EndGlobalSection
	GlobalSection(ExtensibilityGlobals) = postSolution
		SolutionGuid = {9C6E6618-3643-4775-AEF6-F7F32BB8B83D}
	EndGlobalSection
EndGlobal
